
Microsoft Visual Studio Solution File, Format Version 12.00
# Visual Studio Version 17
VisualStudioVersion = 17.8.34309.116
MinimumVisualStudioVersion = 10.0.40219.1
Project("{FAE04EC0-301F-11D3-BF4B-00C04F79EFBC}") = "Triangle", "Triangle.csproj", "{2A33BCCB-B6CF-4F38-93FC-70BEDF1A5996}"
EndProject
Global
	GlobalSection(SolutionConfigurationPlatforms) = preSolution
		Debug|Any CPU = Debug|Any CPU
		Release|Any CPU = Release|Any CPU
	EndGlobalSection
	GlobalSection(ProjectConfigurationPlatforms) = postSolution
		{2A33BCCB-B6CF-4F38-93FC-70BEDF1A5996}.Debug|Any CPU.ActiveCfg = Debug|Any CPU
		{2A33BCCB-B6CF-4F38-93FC-70BEDF1A5996}.Debug|Any CPU.Build.0 = Debug|Any CPU
		{2A33BCCB-B6CF-4F38-93FC-70BEDF1A5996}.Release|Any CPU.ActiveCfg = Release|Any CPU
		{2A33BCCB-B6CF-4F38-93FC-70BEDF1A5996}.Release|Any CPU.Build.0 = Release|Any CPU
	EndGlobalSection
	GlobalSection(SolutionProperties) = preSolution
		HideSolutionNode = FALSE
	EndGlobalSection
	GlobalSection(ExtensibilityGlobals) = postSolution
		SolutionGuid = {4F9F4E53-3C6E-4337-B5F6-4D05E3F499F1}
	EndGlobalSection
EndGlobal
