
Microsoft Visual Studio Solution File, Format Version 12.00
# Visual Studio Version 17
VisualStudioVersion = 17.8.34309.116
MinimumVisualStudioVersion = 10.0.40219.1
Project("{FAE04EC0-301F-11D3-BF4B-00C04F79EFBC}") = "InterfaceTest", "InterfaceTest.csproj", "{58ACBD27-646E-4884-825A-20C9295E742E}"
EndProject
Global
	GlobalSection(SolutionConfigurationPlatforms) = preSolution
		Debug|Any CPU = Debug|Any CPU
		Release|Any CPU = Release|Any CPU
	EndGlobalSection
	GlobalSection(ProjectConfigurationPlatforms) = postSolution
		{58ACBD27-646E-4884-825A-20C9295E742E}.Debug|Any CPU.ActiveCfg = Debug|Any CPU
		{58ACBD27-646E-4884-825A-20C9295E742E}.Debug|Any CPU.Build.0 = Debug|Any CPU
		{58ACBD27-646E-4884-825A-20C9295E742E}.Release|Any CPU.ActiveCfg = Release|Any CPU
		{58ACBD27-646E-4884-825A-20C9295E742E}.Release|Any CPU.Build.0 = Release|Any CPU
	EndGlobalSection
	GlobalSection(SolutionProperties) = preSolution
		HideSolutionNode = FALSE
	EndGlobalSection
	GlobalSection(ExtensibilityGlobals) = postSolution
		SolutionGuid = {72BCA364-14DF-42AF-9723-05B340915CCA}
	EndGlobalSection
EndGlobal
