
Microsoft Visual Studio Solution File, Format Version 12.00
# Visual Studio Version 17
VisualStudioVersion = 17.8.34309.116
MinimumVisualStudioVersion = 10.0.40219.1
Project("{9A19103F-16F7-4668-BE54-9A1E7A4F7556}") = "ShootingRange", "ShootingRange.csproj", "{3809FF15-352F-4E7D-8D7B-DD53DDD83F9A}"
EndProject
Global
	GlobalSection(SolutionConfigurationPlatforms) = preSolution
		Debug|Any CPU = Debug|Any CPU
		Release|Any CPU = Release|Any CPU
	EndGlobalSection
	GlobalSection(ProjectConfigurationPlatforms) = postSolution
		{3809FF15-352F-4E7D-8D7B-DD53DDD83F9A}.Debug|Any CPU.ActiveCfg = Debug|Any CPU
		{3809FF15-352F-4E7D-8D7B-DD53DDD83F9A}.Debug|Any CPU.Build.0 = Debug|Any CPU
		{3809FF15-352F-4E7D-8D7B-DD53DDD83F9A}.Release|Any CPU.ActiveCfg = Release|Any CPU
		{3809FF15-352F-4E7D-8D7B-DD53DDD83F9A}.Release|Any CPU.Build.0 = Release|Any CPU
	EndGlobalSection
	GlobalSection(SolutionProperties) = preSolution
		HideSolutionNode = FALSE
	EndGlobalSection
	GlobalSection(ExtensibilityGlobals) = postSolution
		SolutionGuid = {E58FB86A-F425-44B5-9B40-0D22F607720F}
	EndGlobalSection
EndGlobal
