
Microsoft Visual Studio Solution File, Format Version 12.00
# Visual Studio Version 17
VisualStudioVersion = 17.8.34309.116
MinimumVisualStudioVersion = 10.0.40219.1
Project("{9A19103F-16F7-4668-BE54-9A1E7A4F7556}") = "Probe01", "Probe01.csproj", "{4711335D-7F2A-4A3F-AD37-27CB010D04EB}"
EndProject
Global
	GlobalSection(SolutionConfigurationPlatforms) = preSolution
		Debug|Any CPU = Debug|Any CPU
		Release|Any CPU = Release|Any CPU
	EndGlobalSection
	GlobalSection(ProjectConfigurationPlatforms) = postSolution
		{4711335D-7F2A-4A3F-AD37-27CB010D04EB}.Debug|Any CPU.ActiveCfg = Debug|Any CPU
		{4711335D-7F2A-4A3F-AD37-27CB010D04EB}.Debug|Any CPU.Build.0 = Debug|Any CPU
		{4711335D-7F2A-4A3F-AD37-27CB010D04EB}.Release|Any CPU.ActiveCfg = Release|Any CPU
		{4711335D-7F2A-4A3F-AD37-27CB010D04EB}.Release|Any CPU.Build.0 = Release|Any CPU
	EndGlobalSection
	GlobalSection(SolutionProperties) = preSolution
		HideSolutionNode = FALSE
	EndGlobalSection
	GlobalSection(ExtensibilityGlobals) = postSolution
		SolutionGuid = {4339C133-0BE6-4CBF-AE26-AC216D04CE09}
	EndGlobalSection
EndGlobal
