
Microsoft Visual Studio Solution File, Format Version 12.00
# Visual Studio Version 17
VisualStudioVersion = 17.8.34309.116
MinimumVisualStudioVersion = 10.0.40219.1
Project("{FAE04EC0-301F-11D3-BF4B-00C04F79EFBC}") = "Shape", "Shape.csproj", "{7CFB076A-2DDD-4DB9-A33A-5AFE75FD2530}"
EndProject
Global
	GlobalSection(SolutionConfigurationPlatforms) = preSolution
		Debug|Any CPU = Debug|Any CPU
		Release|Any CPU = Release|Any CPU
	EndGlobalSection
	GlobalSection(ProjectConfigurationPlatforms) = postSolution
		{7CFB076A-2DDD-4DB9-A33A-5AFE75FD2530}.Debug|Any CPU.ActiveCfg = Debug|Any CPU
		{7CFB076A-2DDD-4DB9-A33A-5AFE75FD2530}.Debug|Any CPU.Build.0 = Debug|Any CPU
		{7CFB076A-2DDD-4DB9-A33A-5AFE75FD2530}.Release|Any CPU.ActiveCfg = Release|Any CPU
		{7CFB076A-2DDD-4DB9-A33A-5AFE75FD2530}.Release|Any CPU.Build.0 = Release|Any CPU
	EndGlobalSection
	GlobalSection(SolutionProperties) = preSolution
		HideSolutionNode = FALSE
	EndGlobalSection
	GlobalSection(ExtensibilityGlobals) = postSolution
		SolutionGuid = {B7175279-F594-4120-8558-7A0C275A41F4}
	EndGlobalSection
EndGlobal
