
Microsoft Visual Studio Solution File, Format Version 12.00
# Visual Studio Version 17
VisualStudioVersion = 17.8.34309.116
MinimumVisualStudioVersion = 10.0.40219.1
Project("{FAE04EC0-301F-11D3-BF4B-00C04F79EFBC}") = "MyClass", "MyClass.csproj", "{32513283-E795-4773-A839-B2D7DDEAB39D}"
EndProject
Global
	GlobalSection(SolutionConfigurationPlatforms) = preSolution
		Debug|Any CPU = Debug|Any CPU
		Release|Any CPU = Release|Any CPU
	EndGlobalSection
	GlobalSection(ProjectConfigurationPlatforms) = postSolution
		{32513283-E795-4773-A839-B2D7DDEAB39D}.Debug|Any CPU.ActiveCfg = Debug|Any CPU
		{32513283-E795-4773-A839-B2D7DDEAB39D}.Debug|Any CPU.Build.0 = Debug|Any CPU
		{32513283-E795-4773-A839-B2D7DDEAB39D}.Release|Any CPU.ActiveCfg = Release|Any CPU
		{32513283-E795-4773-A839-B2D7DDEAB39D}.Release|Any CPU.Build.0 = Release|Any CPU
	EndGlobalSection
	GlobalSection(SolutionProperties) = preSolution
		HideSolutionNode = FALSE
	EndGlobalSection
	GlobalSection(ExtensibilityGlobals) = postSolution
		SolutionGuid = {562059EB-5E54-4870-9081-0DD03BF14EA2}
	EndGlobalSection
EndGlobal
