
Microsoft Visual Studio Solution File, Format Version 12.00
# Visual Studio Version 17
VisualStudioVersion = 17.8.34309.116
MinimumVisualStudioVersion = 10.0.40219.1
Project("{FAE04EC0-301F-11D3-BF4B-00C04F79EFBC}") = "Customer", "Customer.csproj", "{6252EEF2-9704-4AF0-8B31-6B374B617AE5}"
EndProject
Global
	GlobalSection(SolutionConfigurationPlatforms) = preSolution
		Debug|Any CPU = Debug|Any CPU
		Release|Any CPU = Release|Any CPU
	EndGlobalSection
	GlobalSection(ProjectConfigurationPlatforms) = postSolution
		{6252EEF2-9704-4AF0-8B31-6B374B617AE5}.Debug|Any CPU.ActiveCfg = Debug|Any CPU
		{6252EEF2-9704-4AF0-8B31-6B374B617AE5}.Debug|Any CPU.Build.0 = Debug|Any CPU
		{6252EEF2-9704-4AF0-8B31-6B374B617AE5}.Release|Any CPU.ActiveCfg = Release|Any CPU
		{6252EEF2-9704-4AF0-8B31-6B374B617AE5}.Release|Any CPU.Build.0 = Release|Any CPU
	EndGlobalSection
	GlobalSection(SolutionProperties) = preSolution
		HideSolutionNode = FALSE
	EndGlobalSection
	GlobalSection(ExtensibilityGlobals) = postSolution
		SolutionGuid = {4F7D1337-34FE-4076-B2FD-E13795DA11D7}
	EndGlobalSection
EndGlobal
